
Microsoft Visual Studio Solution File, Format Version 12.00
# Visual Studio 2012
Project("{FAE04EC0-301F-11D3-BF4B-00C04F79EFBC}") = "PasswordKata", "PasswordKata\PasswordKata.csproj", "{EDA9574E-8FC5-4AEE-B69B-61A1D39D0849}"
EndProject
Project("{FAE04EC0-301F-11D3-BF4B-00C04F79EFBC}") = "PasswordKata.Tests", "PasswordKata.Tests\PasswordKata.Tests.csproj", "{1FF04C49-C57F-48E9-B4C6-F5BF0F1C2FC8}"
EndProject
Project("{2150E333-8FDC-42A3-9474-1A3956D46DE8}") = "! Solution Items", "! Solution Items", "{AC06801B-C119-4DC5-BBCC-5270633D9F06}"
	ProjectSection(SolutionItems) = preProject
		..\README.md = ..\README.md
	EndProjectSection
EndProject
Global
	GlobalSection(SolutionConfigurationPlatforms) = preSolution
		Debug|Any CPU = Debug|Any CPU
		Release|Any CPU = Release|Any CPU
	EndGlobalSection
	GlobalSection(ProjectConfigurationPlatforms) = postSolution
		{1FF04C49-C57F-48E9-B4C6-F5BF0F1C2FC8}.Debug|Any CPU.ActiveCfg = Debug|Any CPU
		{1FF04C49-C57F-48E9-B4C6-F5BF0F1C2FC8}.Debug|Any CPU.Build.0 = Debug|Any CPU
		{1FF04C49-C57F-48E9-B4C6-F5BF0F1C2FC8}.Release|Any CPU.ActiveCfg = Release|Any CPU
		{1FF04C49-C57F-48E9-B4C6-F5BF0F1C2FC8}.Release|Any CPU.Build.0 = Release|Any CPU
		{EDA9574E-8FC5-4AEE-B69B-61A1D39D0849}.Debug|Any CPU.ActiveCfg = Debug|Any CPU
		{EDA9574E-8FC5-4AEE-B69B-61A1D39D0849}.Debug|Any CPU.Build.0 = Debug|Any CPU
		{EDA9574E-8FC5-4AEE-B69B-61A1D39D0849}.Release|Any CPU.ActiveCfg = Release|Any CPU
		{EDA9574E-8FC5-4AEE-B69B-61A1D39D0849}.Release|Any CPU.Build.0 = Release|Any CPU
	EndGlobalSection
	GlobalSection(NestedProjects) = preSolution
	EndGlobalSection
EndGlobal
